
Microsoft Visual Studio Solution File, Format Version 12.00
# Visual Studio Version 17
VisualStudioVersion = 17.0.31903.59
MinimumVisualStudioVersion = 10.0.40219.1
Project("{2150E333-8FDC-42A3-9474-1A3956D46DE8}") = "src", "src", "{703A951A-37A6-4805-8F7E-872769D314F7}"
EndProject
Project("{FAE04EC0-301F-11D3-BF4B-00C04F79EFBC}") = "LinkPocket.Contracts", "src\LinkPocket.Contracts\LinkPocket.Contracts.csproj", "{5CCA746F-6002-4244-AD2F-1735D03279D7}"
EndProject
Project("{FAE04EC0-301F-11D3-BF4B-00C04F79EFBC}") = "LinkPocket.Kernel", "src\LinkPocket.Kernel\LinkPocket.Kernel.csproj", "{0F2054A7-B37B-4260-A9B9-14096714F794}"
EndProject
Project("{FAE04EC0-301F-11D3-BF4B-00C04F79EFBC}") = "LinkPocket.Data", "src\LinkPocket.Data\LinkPocket.Data.csproj", "{D78B3106-B8F4-4412-ABB8-6516BD67609B}"
EndProject
Project("{2150E333-8FDC-42A3-9474-1A3956D46DE8}") = "tests", "tests", "{E0E15218-1483-42AF-BF9E-7360DEBEAEA7}"
EndProject
Project("{FAE04EC0-301F-11D3-BF4B-00C04F79EFBC}") = "ProtocolSmoke", "tests\ProtocolSmoke\ProtocolSmoke.csproj", "{D721AAFB-9C9A-4068-AE75-FE5D88FC5608}"
EndProject
Project("{FAE04EC0-301F-11D3-BF4B-00C04F79EFBC}") = "LinkPocket", "src\LinkPocket.App\LinkPocket.csproj", "{70328666-6C7C-45EF-99FC-7E7DE89A7B04}"
EndProject
Project("{FAE04EC0-301F-11D3-BF4B-00C04F79EFBC}") = "LinkPocket.Engine.Tests", "tests\LinkPocket.Engine.Tests\LinkPocket.Engine.Tests.csproj", "{61348B9A-B500-4D27-95BB-B8076FE47B43}"
EndProject
Project("{FAE04EC0-301F-11D3-BF4B-00C04F79EFBC}") = "LinkPocket.Engine", "src\LinkPocket.Engine\LinkPocket.Engine.csproj", "{9E9038C5-9DB1-4364-9873-344AAE63DD46}"
EndProject
Project("{FAE04EC0-301F-11D3-BF4B-00C04F79EFBC}") = "LinkPocket.Modules.Folders", "src\LinkPocket.Modules.Folders\LinkPocket.Modules.Folders.csproj", "{BB2854B3-1947-4DEA-A113-0ACBE0075020}"
EndProject
Project("{FAE04EC0-301F-11D3-BF4B-00C04F79EFBC}") = "LinkPocket.Modules.Links", "src\LinkPocket.Modules.Links\LinkPocket.Modules.Links.csproj", "{97E509DA-E3ED-4CFD-9F2E-8FEE2408E3F7}"
EndProject
Project("{FAE04EC0-301F-11D3-BF4B-00C04F79EFBC}") = "LinkPocket.Modules.Trash", "src\LinkPocket.Modules.Trash\LinkPocket.Modules.Trash.csproj", "{A09CB638-02CA-48E9-BFDE-9CBA649C6244}"
EndProject
Project("{FAE04EC0-301F-11D3-BF4B-00C04F79EFBC}") = "LinkPocket.Modules.Search", "src\LinkPocket.Modules.Search\LinkPocket.Modules.Search.csproj", "{015F6FB8-6623-496C-909A-FEBB651CFA3B}"
EndProject
Project("{FAE04EC0-301F-11D3-BF4B-00C04F79EFBC}") = "LinkPocket.Modules.Bookmarks", "src\LinkPocket.Modules.Bookmarks\LinkPocket.Modules.Bookmarks.csproj", "{F633CE3C-5B0A-43E2-AF45-F8BC817D7405}"
EndProject
Project("{FAE04EC0-301F-11D3-BF4B-00C04F79EFBC}") = "LinkPocket.Modules.Backup", "src\LinkPocket.Modules.Backup\LinkPocket.Modules.Backup.csproj", "{F4A22E64-B1BD-4156-B8C4-8C2A9A572827}"
EndProject
Project("{FAE04EC0-301F-11D3-BF4B-00C04F79EFBC}") = "LinkPocket.Modules.Dedup", "src\LinkPocket.Modules.Dedup\LinkPocket.Modules.Dedup.csproj", "{999A57D3-D4EF-4154-B7E5-5523A7ACDD33}"
EndProject
Project("{FAE04EC0-301F-11D3-BF4B-00C04F79EFBC}") = "LinkPocket.Modules.Favicon", "src\LinkPocket.Modules.Favicon\LinkPocket.Modules.Favicon.csproj", "{AB995334-732B-40ED-BB43-8C439F6CE3A8}"
EndProject
Project("{FAE04EC0-301F-11D3-BF4B-00C04F79EFBC}") = "LinkPocket.Modules.Maintenance", "src\LinkPocket.Modules.Maintenance\LinkPocket.Modules.Maintenance.csproj", "{E8B043D8-F964-4164-813C-1C3C9701FD4E}"
EndProject
Project("{FAE04EC0-301F-11D3-BF4B-00C04F79EFBC}") = "LinkPocket.Composition", "src\LinkPocket.Composition\LinkPocket.Composition.csproj", "{1A6ED60A-CD17-4C01-AA6E-4E66B713F9ED}"
EndProject
Project("{FAE04EC0-301F-11D3-BF4B-00C04F79EFBC}") = "LinkPocket.Modules.Tests", "tests\LinkPocket.Modules.Tests\LinkPocket.Modules.Tests.csproj", "{CC2C594D-5931-469B-9F8D-6B375E2E4C26}"
EndProject
Project("{FAE04EC0-301F-11D3-BF4B-00C04F79EFBC}") = "LinkPocket.UIKit", "src\LinkPocket.UIKit\LinkPocket.UIKit.csproj", "{59D6F405-AE66-4ADE-BF65-7802356AF78B}"
EndProject
Project("{FAE04EC0-301F-11D3-BF4B-00C04F79EFBC}") = "LinkPocket.UI.Browser", "src\LinkPocket.UI.Browser\LinkPocket.UI.Browser.csproj", "{49A033E9-044A-4DF4-A795-775246F17427}"
EndProject
Project("{FAE04EC0-301F-11D3-BF4B-00C04F79EFBC}") = "LinkPocket.UI.Search", "src\LinkPocket.UI.Search\LinkPocket.UI.Search.csproj", "{94514972-E6CE-40AD-812A-B15B6439A8D2}"
EndProject
Project("{FAE04EC0-301F-11D3-BF4B-00C04F79EFBC}") = "LinkPocket.UI.Trash", "src\LinkPocket.UI.Trash\LinkPocket.UI.Trash.csproj", "{C4D818B2-1F68-4DD0-93A8-CC0F06675CEA}"
EndProject
Project("{FAE04EC0-301F-11D3-BF4B-00C04F79EFBC}") = "LinkPocket.UI.SmartLists", "src\LinkPocket.UI.SmartLists\LinkPocket.UI.SmartLists.csproj", "{C4DFD212-F622-456B-B9C6-C0EECDDD9A20}"
EndProject
Project("{FAE04EC0-301F-11D3-BF4B-00C04F79EFBC}") = "LinkPocket.UI.Tools", "src\LinkPocket.UI.Tools\LinkPocket.UI.Tools.csproj", "{4C1FEDBD-5B9E-4D3B-8DE5-8214D998D669}"
EndProject
Project("{FAE04EC0-301F-11D3-BF4B-00C04F79EFBC}") = "LinkPocket.UI.Settings", "src\LinkPocket.UI.Settings\LinkPocket.UI.Settings.csproj", "{CD8699BE-97EF-4507-A77F-E24CCEA76A44}"
EndProject
Project("{FAE04EC0-301F-11D3-BF4B-00C04F79EFBC}") = "LinkPocket.Architecture.Tests", "tests\LinkPocket.Architecture.Tests\LinkPocket.Architecture.Tests.csproj", "{77CC6A36-DC3F-4F8A-8125-93AF1426444A}"
EndProject
Project("{2150E333-8FDC-42A3-9474-1A3956D46DE8}") = "tools", "tools", "{A31A215A-55DD-45FB-9637-C3666E35A447}"
EndProject
Project("{FAE04EC0-301F-11D3-BF4B-00C04F79EFBC}") = "LinkPocket.CatalogExport", "tools\LinkPocket.CatalogExport\LinkPocket.CatalogExport.csproj", "{EE283923-BDB4-470A-8251-D46C3EC9EBD9}"
EndProject
Project("{FAE04EC0-301F-11D3-BF4B-00C04F79EFBC}") = "SmartProbe", "tools\SmartProbe\SmartProbe.csproj", "{6F7726AE-C9C7-46B1-B1EF-EACF7554BA86}"
EndProject
Global
	GlobalSection(SolutionConfigurationPlatforms) = preSolution
		Debug|Any CPU = Debug|Any CPU
		Release|Any CPU = Release|Any CPU
	EndGlobalSection
	GlobalSection(SolutionProperties) = preSolution
		HideSolutionNode = FALSE
	EndGlobalSection
	GlobalSection(ProjectConfigurationPlatforms) = postSolution
		{5CCA746F-6002-4244-AD2F-1735D03279D7}.Debug|Any CPU.ActiveCfg = Debug|Any CPU
		{5CCA746F-6002-4244-AD2F-1735D03279D7}.Debug|Any CPU.Build.0 = Debug|Any CPU
		{5CCA746F-6002-4244-AD2F-1735D03279D7}.Release|Any CPU.ActiveCfg = Release|Any CPU
		{5CCA746F-6002-4244-AD2F-1735D03279D7}.Release|Any CPU.Build.0 = Release|Any CPU
		{0F2054A7-B37B-4260-A9B9-14096714F794}.Debug|Any CPU.ActiveCfg = Debug|Any CPU
		{0F2054A7-B37B-4260-A9B9-14096714F794}.Debug|Any CPU.Build.0 = Debug|Any CPU
		{0F2054A7-B37B-4260-A9B9-14096714F794}.Release|Any CPU.ActiveCfg = Release|Any CPU
		{0F2054A7-B37B-4260-A9B9-14096714F794}.Release|Any CPU.Build.0 = Release|Any CPU
		{D78B3106-B8F4-4412-ABB8-6516BD67609B}.Debug|Any CPU.ActiveCfg = Debug|Any CPU
		{D78B3106-B8F4-4412-ABB8-6516BD67609B}.Debug|Any CPU.Build.0 = Debug|Any CPU
		{D78B3106-B8F4-4412-ABB8-6516BD67609B}.Release|Any CPU.ActiveCfg = Release|Any CPU
		{D78B3106-B8F4-4412-ABB8-6516BD67609B}.Release|Any CPU.Build.0 = Release|Any CPU
		{D721AAFB-9C9A-4068-AE75-FE5D88FC5608}.Debug|Any CPU.ActiveCfg = Debug|Any CPU
		{D721AAFB-9C9A-4068-AE75-FE5D88FC5608}.Debug|Any CPU.Build.0 = Debug|Any CPU
		{D721AAFB-9C9A-4068-AE75-FE5D88FC5608}.Release|Any CPU.ActiveCfg = Release|Any CPU
		{D721AAFB-9C9A-4068-AE75-FE5D88FC5608}.Release|Any CPU.Build.0 = Release|Any CPU
		{70328666-6C7C-45EF-99FC-7E7DE89A7B04}.Debug|Any CPU.ActiveCfg = Debug|Any CPU
		{70328666-6C7C-45EF-99FC-7E7DE89A7B04}.Debug|Any CPU.Build.0 = Debug|Any CPU
		{70328666-6C7C-45EF-99FC-7E7DE89A7B04}.Release|Any CPU.ActiveCfg = Release|Any CPU
		{70328666-6C7C-45EF-99FC-7E7DE89A7B04}.Release|Any CPU.Build.0 = Release|Any CPU
		{61348B9A-B500-4D27-95BB-B8076FE47B43}.Debug|Any CPU.ActiveCfg = Debug|Any CPU
		{61348B9A-B500-4D27-95BB-B8076FE47B43}.Debug|Any CPU.Build.0 = Debug|Any CPU
		{61348B9A-B500-4D27-95BB-B8076FE47B43}.Release|Any CPU.ActiveCfg = Release|Any CPU
		{61348B9A-B500-4D27-95BB-B8076FE47B43}.Release|Any CPU.Build.0 = Release|Any CPU
		{9E9038C5-9DB1-4364-9873-344AAE63DD46}.Debug|Any CPU.ActiveCfg = Debug|Any CPU
		{9E9038C5-9DB1-4364-9873-344AAE63DD46}.Debug|Any CPU.Build.0 = Debug|Any CPU
		{9E9038C5-9DB1-4364-9873-344AAE63DD46}.Release|Any CPU.ActiveCfg = Release|Any CPU
		{9E9038C5-9DB1-4364-9873-344AAE63DD46}.Release|Any CPU.Build.0 = Release|Any CPU
		{BB2854B3-1947-4DEA-A113-0ACBE0075020}.Debug|Any CPU.ActiveCfg = Debug|Any CPU
		{BB2854B3-1947-4DEA-A113-0ACBE0075020}.Debug|Any CPU.Build.0 = Debug|Any CPU
		{BB2854B3-1947-4DEA-A113-0ACBE0075020}.Release|Any CPU.ActiveCfg = Release|Any CPU
		{BB2854B3-1947-4DEA-A113-0ACBE0075020}.Release|Any CPU.Build.0 = Release|Any CPU
		{97E509DA-E3ED-4CFD-9F2E-8FEE2408E3F7}.Debug|Any CPU.ActiveCfg = Debug|Any CPU
		{97E509DA-E3ED-4CFD-9F2E-8FEE2408E3F7}.Debug|Any CPU.Build.0 = Debug|Any CPU
		{97E509DA-E3ED-4CFD-9F2E-8FEE2408E3F7}.Release|Any CPU.ActiveCfg = Release|Any CPU
		{97E509DA-E3ED-4CFD-9F2E-8FEE2408E3F7}.Release|Any CPU.Build.0 = Release|Any CPU
		{A09CB638-02CA-48E9-BFDE-9CBA649C6244}.Debug|Any CPU.ActiveCfg = Debug|Any CPU
		{A09CB638-02CA-48E9-BFDE-9CBA649C6244}.Debug|Any CPU.Build.0 = Debug|Any CPU
		{A09CB638-02CA-48E9-BFDE-9CBA649C6244}.Release|Any CPU.ActiveCfg = Release|Any CPU
		{A09CB638-02CA-48E9-BFDE-9CBA649C6244}.Release|Any CPU.Build.0 = Release|Any CPU
		{015F6FB8-6623-496C-909A-FEBB651CFA3B}.Debug|Any CPU.ActiveCfg = Debug|Any CPU
		{015F6FB8-6623-496C-909A-FEBB651CFA3B}.Debug|Any CPU.Build.0 = Debug|Any CPU
		{015F6FB8-6623-496C-909A-FEBB651CFA3B}.Release|Any CPU.ActiveCfg = Release|Any CPU
		{015F6FB8-6623-496C-909A-FEBB651CFA3B}.Release|Any CPU.Build.0 = Release|Any CPU
		{F633CE3C-5B0A-43E2-AF45-F8BC817D7405}.Debug|Any CPU.ActiveCfg = Debug|Any CPU
		{F633CE3C-5B0A-43E2-AF45-F8BC817D7405}.Debug|Any CPU.Build.0 = Debug|Any CPU
		{F633CE3C-5B0A-43E2-AF45-F8BC817D7405}.Release|Any CPU.ActiveCfg = Release|Any CPU
		{F633CE3C-5B0A-43E2-AF45-F8BC817D7405}.Release|Any CPU.Build.0 = Release|Any CPU
		{F4A22E64-B1BD-4156-B8C4-8C2A9A572827}.Debug|Any CPU.ActiveCfg = Debug|Any CPU
		{F4A22E64-B1BD-4156-B8C4-8C2A9A572827}.Debug|Any CPU.Build.0 = Debug|Any CPU
		{F4A22E64-B1BD-4156-B8C4-8C2A9A572827}.Release|Any CPU.ActiveCfg = Release|Any CPU
		{F4A22E64-B1BD-4156-B8C4-8C2A9A572827}.Release|Any CPU.Build.0 = Release|Any CPU
		{999A57D3-D4EF-4154-B7E5-5523A7ACDD33}.Debug|Any CPU.ActiveCfg = Debug|Any CPU
		{999A57D3-D4EF-4154-B7E5-5523A7ACDD33}.Debug|Any CPU.Build.0 = Debug|Any CPU
		{999A57D3-D4EF-4154-B7E5-5523A7ACDD33}.Release|Any CPU.ActiveCfg = Release|Any CPU
		{999A57D3-D4EF-4154-B7E5-5523A7ACDD33}.Release|Any CPU.Build.0 = Release|Any CPU
		{AB995334-732B-40ED-BB43-8C439F6CE3A8}.Debug|Any CPU.ActiveCfg = Debug|Any CPU
		{AB995334-732B-40ED-BB43-8C439F6CE3A8}.Debug|Any CPU.Build.0 = Debug|Any CPU
		{AB995334-732B-40ED-BB43-8C439F6CE3A8}.Release|Any CPU.ActiveCfg = Release|Any CPU
		{AB995334-732B-40ED-BB43-8C439F6CE3A8}.Release|Any CPU.Build.0 = Release|Any CPU
		{E8B043D8-F964-4164-813C-1C3C9701FD4E}.Debug|Any CPU.ActiveCfg = Debug|Any CPU
		{E8B043D8-F964-4164-813C-1C3C9701FD4E}.Debug|Any CPU.Build.0 = Debug|Any CPU
		{E8B043D8-F964-4164-813C-1C3C9701FD4E}.Release|Any CPU.ActiveCfg = Release|Any CPU
		{E8B043D8-F964-4164-813C-1C3C9701FD4E}.Release|Any CPU.Build.0 = Release|Any CPU
		{1A6ED60A-CD17-4C01-AA6E-4E66B713F9ED}.Debug|Any CPU.ActiveCfg = Debug|Any CPU
		{1A6ED60A-CD17-4C01-AA6E-4E66B713F9ED}.Debug|Any CPU.Build.0 = Debug|Any CPU
		{1A6ED60A-CD17-4C01-AA6E-4E66B713F9ED}.Release|Any CPU.ActiveCfg = Release|Any CPU
		{1A6ED60A-CD17-4C01-AA6E-4E66B713F9ED}.Release|Any CPU.Build.0 = Release|Any CPU
		{CC2C594D-5931-469B-9F8D-6B375E2E4C26}.Debug|Any CPU.ActiveCfg = Debug|Any CPU
		{CC2C594D-5931-469B-9F8D-6B375E2E4C26}.Debug|Any CPU.Build.0 = Debug|Any CPU
		{CC2C594D-5931-469B-9F8D-6B375E2E4C26}.Release|Any CPU.ActiveCfg = Release|Any CPU
		{CC2C594D-5931-469B-9F8D-6B375E2E4C26}.Release|Any CPU.Build.0 = Release|Any CPU
		{59D6F405-AE66-4ADE-BF65-7802356AF78B}.Debug|Any CPU.ActiveCfg = Debug|Any CPU
		{59D6F405-AE66-4ADE-BF65-7802356AF78B}.Debug|Any CPU.Build.0 = Debug|Any CPU
		{59D6F405-AE66-4ADE-BF65-7802356AF78B}.Release|Any CPU.ActiveCfg = Release|Any CPU
		{59D6F405-AE66-4ADE-BF65-7802356AF78B}.Release|Any CPU.Build.0 = Release|Any CPU
		{49A033E9-044A-4DF4-A795-775246F17427}.Debug|Any CPU.ActiveCfg = Debug|Any CPU
		{49A033E9-044A-4DF4-A795-775246F17427}.Debug|Any CPU.Build.0 = Debug|Any CPU
		{49A033E9-044A-4DF4-A795-775246F17427}.Release|Any CPU.ActiveCfg = Release|Any CPU
		{49A033E9-044A-4DF4-A795-775246F17427}.Release|Any CPU.Build.0 = Release|Any CPU
		{94514972-E6CE-40AD-812A-B15B6439A8D2}.Debug|Any CPU.ActiveCfg = Debug|Any CPU
		{94514972-E6CE-40AD-812A-B15B6439A8D2}.Debug|Any CPU.Build.0 = Debug|Any CPU
		{94514972-E6CE-40AD-812A-B15B6439A8D2}.Release|Any CPU.ActiveCfg = Release|Any CPU
		{94514972-E6CE-40AD-812A-B15B6439A8D2}.Release|Any CPU.Build.0 = Release|Any CPU
		{C4D818B2-1F68-4DD0-93A8-CC0F06675CEA}.Debug|Any CPU.ActiveCfg = Debug|Any CPU
		{C4D818B2-1F68-4DD0-93A8-CC0F06675CEA}.Debug|Any CPU.Build.0 = Debug|Any CPU
		{C4D818B2-1F68-4DD0-93A8-CC0F06675CEA}.Release|Any CPU.ActiveCfg = Release|Any CPU
		{C4D818B2-1F68-4DD0-93A8-CC0F06675CEA}.Release|Any CPU.Build.0 = Release|Any CPU
		{C4DFD212-F622-456B-B9C6-C0EECDDD9A20}.Debug|Any CPU.ActiveCfg = Debug|Any CPU
		{C4DFD212-F622-456B-B9C6-C0EECDDD9A20}.Debug|Any CPU.Build.0 = Debug|Any CPU
		{C4DFD212-F622-456B-B9C6-C0EECDDD9A20}.Release|Any CPU.ActiveCfg = Release|Any CPU
		{C4DFD212-F622-456B-B9C6-C0EECDDD9A20}.Release|Any CPU.Build.0 = Release|Any CPU
		{4C1FEDBD-5B9E-4D3B-8DE5-8214D998D669}.Debug|Any CPU.ActiveCfg = Debug|Any CPU
		{4C1FEDBD-5B9E-4D3B-8DE5-8214D998D669}.Debug|Any CPU.Build.0 = Debug|Any CPU
		{4C1FEDBD-5B9E-4D3B-8DE5-8214D998D669}.Release|Any CPU.ActiveCfg = Release|Any CPU
		{4C1FEDBD-5B9E-4D3B-8DE5-8214D998D669}.Release|Any CPU.Build.0 = Release|Any CPU
		{CD8699BE-97EF-4507-A77F-E24CCEA76A44}.Debug|Any CPU.ActiveCfg = Debug|Any CPU
		{CD8699BE-97EF-4507-A77F-E24CCEA76A44}.Debug|Any CPU.Build.0 = Debug|Any CPU
		{CD8699BE-97EF-4507-A77F-E24CCEA76A44}.Release|Any CPU.ActiveCfg = Release|Any CPU
		{CD8699BE-97EF-4507-A77F-E24CCEA76A44}.Release|Any CPU.Build.0 = Release|Any CPU
		{77CC6A36-DC3F-4F8A-8125-93AF1426444A}.Debug|Any CPU.ActiveCfg = Debug|Any CPU
		{77CC6A36-DC3F-4F8A-8125-93AF1426444A}.Debug|Any CPU.Build.0 = Debug|Any CPU
		{77CC6A36-DC3F-4F8A-8125-93AF1426444A}.Release|Any CPU.ActiveCfg = Release|Any CPU
		{77CC6A36-DC3F-4F8A-8125-93AF1426444A}.Release|Any CPU.Build.0 = Release|Any CPU
		{EE283923-BDB4-470A-8251-D46C3EC9EBD9}.Debug|Any CPU.ActiveCfg = Debug|Any CPU
		{EE283923-BDB4-470A-8251-D46C3EC9EBD9}.Debug|Any CPU.Build.0 = Debug|Any CPU
		{EE283923-BDB4-470A-8251-D46C3EC9EBD9}.Release|Any CPU.ActiveCfg = Release|Any CPU
		{EE283923-BDB4-470A-8251-D46C3EC9EBD9}.Release|Any CPU.Build.0 = Release|Any CPU
		{6F7726AE-C9C7-46B1-B1EF-EACF7554BA86}.Debug|Any CPU.ActiveCfg = Debug|Any CPU
		{6F7726AE-C9C7-46B1-B1EF-EACF7554BA86}.Debug|Any CPU.Build.0 = Debug|Any CPU
		{6F7726AE-C9C7-46B1-B1EF-EACF7554BA86}.Release|Any CPU.ActiveCfg = Release|Any CPU
		{6F7726AE-C9C7-46B1-B1EF-EACF7554BA86}.Release|Any CPU.Build.0 = Release|Any CPU
	EndGlobalSection
	GlobalSection(NestedProjects) = preSolution
		{5CCA746F-6002-4244-AD2F-1735D03279D7} = {703A951A-37A6-4805-8F7E-872769D314F7}
		{0F2054A7-B37B-4260-A9B9-14096714F794} = {703A951A-37A6-4805-8F7E-872769D314F7}
		{D78B3106-B8F4-4412-ABB8-6516BD67609B} = {703A951A-37A6-4805-8F7E-872769D314F7}
		{D721AAFB-9C9A-4068-AE75-FE5D88FC5608} = {E0E15218-1483-42AF-BF9E-7360DEBEAEA7}
		{70328666-6C7C-45EF-99FC-7E7DE89A7B04} = {703A951A-37A6-4805-8F7E-872769D314F7}
		{61348B9A-B500-4D27-95BB-B8076FE47B43} = {E0E15218-1483-42AF-BF9E-7360DEBEAEA7}
		{9E9038C5-9DB1-4364-9873-344AAE63DD46} = {703A951A-37A6-4805-8F7E-872769D314F7}
		{BB2854B3-1947-4DEA-A113-0ACBE0075020} = {703A951A-37A6-4805-8F7E-872769D314F7}
		{97E509DA-E3ED-4CFD-9F2E-8FEE2408E3F7} = {703A951A-37A6-4805-8F7E-872769D314F7}
		{A09CB638-02CA-48E9-BFDE-9CBA649C6244} = {703A951A-37A6-4805-8F7E-872769D314F7}
		{015F6FB8-6623-496C-909A-FEBB651CFA3B} = {703A951A-37A6-4805-8F7E-872769D314F7}
		{F633CE3C-5B0A-43E2-AF45-F8BC817D7405} = {703A951A-37A6-4805-8F7E-872769D314F7}
		{F4A22E64-B1BD-4156-B8C4-8C2A9A572827} = {703A951A-37A6-4805-8F7E-872769D314F7}
		{999A57D3-D4EF-4154-B7E5-5523A7ACDD33} = {703A951A-37A6-4805-8F7E-872769D314F7}
		{AB995334-732B-40ED-BB43-8C439F6CE3A8} = {703A951A-37A6-4805-8F7E-872769D314F7}
		{E8B043D8-F964-4164-813C-1C3C9701FD4E} = {703A951A-37A6-4805-8F7E-872769D314F7}
		{1A6ED60A-CD17-4C01-AA6E-4E66B713F9ED} = {703A951A-37A6-4805-8F7E-872769D314F7}
		{CC2C594D-5931-469B-9F8D-6B375E2E4C26} = {E0E15218-1483-42AF-BF9E-7360DEBEAEA7}
		{59D6F405-AE66-4ADE-BF65-7802356AF78B} = {703A951A-37A6-4805-8F7E-872769D314F7}
		{49A033E9-044A-4DF4-A795-775246F17427} = {703A951A-37A6-4805-8F7E-872769D314F7}
		{94514972-E6CE-40AD-812A-B15B6439A8D2} = {703A951A-37A6-4805-8F7E-872769D314F7}
		{C4D818B2-1F68-4DD0-93A8-CC0F06675CEA} = {703A951A-37A6-4805-8F7E-872769D314F7}
		{C4DFD212-F622-456B-B9C6-C0EECDDD9A20} = {703A951A-37A6-4805-8F7E-872769D314F7}
		{4C1FEDBD-5B9E-4D3B-8DE5-8214D998D669} = {703A951A-37A6-4805-8F7E-872769D314F7}
		{CD8699BE-97EF-4507-A77F-E24CCEA76A44} = {703A951A-37A6-4805-8F7E-872769D314F7}
		{77CC6A36-DC3F-4F8A-8125-93AF1426444A} = {E0E15218-1483-42AF-BF9E-7360DEBEAEA7}
		{EE283923-BDB4-470A-8251-D46C3EC9EBD9} = {A31A215A-55DD-45FB-9637-C3666E35A447}
		{6F7726AE-C9C7-46B1-B1EF-EACF7554BA86} = {A31A215A-55DD-45FB-9637-C3666E35A447}
	EndGlobalSection
EndGlobal
